
Microsoft Visual Studio Solution File, Format Version 12.00
# Visual Studio Version 16
VisualStudioVersion = 16.0.29920.165
MinimumVisualStudioVersion = 10.0.40219.1
Project("{FAE04EC0-301F-11D3-BF4B-00C04F79EFBC}") = "Shop", "Shop.csproj", "{151DFEE9-5DA2-4A88-8ADE-8F59818470A5}"
EndProject
Global
	GlobalSection(SolutionConfigurationPlatforms) = preSolution
		Debug|Any CPU = Debug|Any CPU
		Release|Any CPU = Release|Any CPU
	EndGlobalSection
	GlobalSection(ProjectConfigurationPlatforms) = postSolution
		{151DFEE9-5DA2-4A88-8ADE-8F59818470A5}.Debug|Any CPU.ActiveCfg = Debug|Any CPU
		{151DFEE9-5DA2-4A88-8ADE-8F59818470A5}.Debug|Any CPU.Build.0 = Debug|Any CPU
		{151DFEE9-5DA2-4A88-8ADE-8F59818470A5}.Release|Any CPU.ActiveCfg = Release|Any CPU
		{151DFEE9-5DA2-4A88-8ADE-8F59818470A5}.Release|Any CPU.Build.0 = Release|Any CPU
	EndGlobalSection
	GlobalSection(SolutionProperties) = preSolution
		HideSolutionNode = FALSE
	EndGlobalSection
	GlobalSection(ExtensibilityGlobals) = postSolution
		SolutionGuid = {4FF62384-7C27-44F8-93CA-D4CFC9534E8E}
	EndGlobalSection
EndGlobal
